
Microsoft Visual Studio Solution File, Format Version 12.00
# Visual Studio Version 16
VisualStudioVersion = 16.0.31613.86
MinimumVisualStudioVersion = 10.0.40219.1
Project("{8BC9CEB8-8B4A-11D0-8D11-00A0C91BC942}") = "cuda_stitch", "cuda_stitch.vcxproj", "{CF965F5C-EFA5-43D2-91A7-8C1BAC8194F4}"
EndProject
Global
	GlobalSection(SolutionConfigurationPlatforms) = preSolution
		Debug|x64 = Debug|x64
		Debug|x86 = Debug|x86
		Release|x64 = Release|x64
		Release|x86 = Release|x86
	EndGlobalSection
	GlobalSection(ProjectConfigurationPlatforms) = postSolution
		{CF965F5C-EFA5-43D2-91A7-8C1BAC8194F4}.Debug|x64.ActiveCfg = Debug|x64
		{CF965F5C-EFA5-43D2-91A7-8C1BAC8194F4}.Debug|x64.Build.0 = Debug|x64
		{CF965F5C-EFA5-43D2-91A7-8C1BAC8194F4}.Debug|x86.ActiveCfg = Debug|Win32
		{CF965F5C-EFA5-43D2-91A7-8C1BAC8194F4}.Debug|x86.Build.0 = Debug|Win32
		{CF965F5C-EFA5-43D2-91A7-8C1BAC8194F4}.Release|x64.ActiveCfg = Release|x64
		{CF965F5C-EFA5-43D2-91A7-8C1BAC8194F4}.Release|x64.Build.0 = Release|x64
		{CF965F5C-EFA5-43D2-91A7-8C1BAC8194F4}.Release|x86.ActiveCfg = Release|Win32
		{CF965F5C-EFA5-43D2-91A7-8C1BAC8194F4}.Release|x86.Build.0 = Release|Win32
	EndGlobalSection
	GlobalSection(SolutionProperties) = preSolution
		HideSolutionNode = FALSE
	EndGlobalSection
	GlobalSection(ExtensibilityGlobals) = postSolution
		SolutionGuid = {58E9CFCD-72ED-478D-ACDD-499246E9C676}
	EndGlobalSection
EndGlobal
